// !$*UTF8*$!
{
	archiveVersion = 1;
	classes = {
	};
	objectVersion = 50;
	objects = {

/* Begin PBXBuildFile section */
		172D454920ACC0B100645652 /* AppDelegate.swift in Sources */ = {isa = PBXBuildFile; fileRef = 172D454820ACC0B100645652 /* AppDelegate.swift */; };
		172D454E20ACC0B100645652 /* Main.storyboard in Resources */ = {isa = PBXBuildFile; fileRef = 172D454C20ACC0B100645652 /* Main.storyboard */; };
		172D455020ACC0B300645652 /* Assets.xcassets in Resources */ = {isa = PBXBuildFile; fileRef = 172D454F20ACC0B300645652 /* Assets.xcassets */; };
		172D455320ACC0B300645652 /* LaunchScreen.storyboard in Resources */ = {isa = PBXBuildFile; fileRef = 172D455120ACC0B300645652 /* LaunchScreen.storyboard */; };
		172D455B20ACD38A00645652 /* TableauController.swift in Sources */ = {isa = PBXBuildFile; fileRef = 172D455A20ACD38A00645652 /* TableauController.swift */; };
		172D455D20ACDC2600645652 /* Chanson.swift in Sources */ = {isa = PBXBuildFile; fileRef = 172D455C20ACDC2600645652 /* Chanson.swift */; };
		172D455F20ACEF5E00645652 /* ChansonCell.swift in Sources */ = {isa = PBXBuildFile; fileRef = 172D455E20ACEF5E00645652 /* ChansonCell.swift */; };
/* End PBXBuildFile section */

/* Begin PBXFileReference section */
		172D454520ACC0B100645652 /* Lecteur  Youtube.app */ = {isa = PBXFileReference; explicitFileType = wrapper.application; includeInIndex = 0; path = "Lecteur  Youtube.app"; sourceTree = BUILT_PRODUCTS_DIR; };
		172D454820ACC0B100645652 /* AppDelegate.swift */ = {isa = PBXFileReference; lastKnownFileType = sourcecode.swift; path = AppDelegate.swift; sourceTree = "<group>"; };
		172D454D20ACC0B100645652 /* Base */ = {isa = PBXFileReference; lastKnownFileType = file.storyboard; name = Base; path = Base.lproj/Main.storyboard; sourceTree = "<group>"; };
		172D454F20ACC0B300645652 /* Assets.xcassets */ = {isa = PBXFileReference; lastKnownFileType = folder.assetcatalog; path = Assets.xcassets; sourceTree = "<group>"; };
		172D455220ACC0B300645652 /* Base */ = {isa = PBXFileReference; lastKnownFileType = file.storyboard; name = Base; path = Base.lproj/LaunchScreen.storyboard; sourceTree = "<group>"; };
		172D455420ACC0B300645652 /* Info.plist */ = {isa = PBXFileReference; lastKnownFileType = text.plist.xml; path = Info.plist; sourceTree = "<group>"; };
		172D455A20ACD38A00645652 /* TableauController.swift */ = {isa = PBXFileReference; lastKnownFileType = sourcecode.swift; path = TableauController.swift; sourceTree = "<group>"; };
		172D455C20ACDC2600645652 /* Chanson.swift */ = {isa = PBXFileReference; lastKnownFileType = sourcecode.swift; path = Chanson.swift; sourceTree = "<group>"; };
		172D455E20ACEF5E00645652 /* ChansonCell.swift */ = {isa = PBXFileReference; lastKnownFileType = sourcecode.swift; path = ChansonCell.swift; sourceTree = "<group>"; };
/* End PBXFileReference section */

/* Begin PBXFrameworksBuildPhase section */
		172D454220ACC0B100645652 /* Frameworks */ = {
			isa = PBXFrameworksBuildPhase;
			buildActionMask = 2147483647;
			files = (
			);
			runOnlyForDeploymentPostprocessing = 0;
		};
/* End PBXFrameworksBuildPhase section */

/* Begin PBXGroup section */
		172D453C20ACC0B100645652 = {
			isa = PBXGroup;
			children = (
				172D454720ACC0B100645652 /* Lecteur  Youtube */,
				172D454620ACC0B100645652 /* Products */,
			);
			sourceTree = "<group>";
		};
		172D454620ACC0B100645652 /* Products */ = {
			isa = PBXGroup;
			children = (
				172D454520ACC0B100645652 /* Lecteur  Youtube.app */,
			);
			name = Products;
			sourceTree = "<group>";
		};
		172D454720ACC0B100645652 /* Lecteur  Youtube */ = {
			isa = PBXGroup;
			children = (
				172D454820ACC0B100645652 /* AppDelegate.swift */,
				172D454C20ACC0B100645652 /* Main.storyboard */,
				172D454F20ACC0B300645652 /* Assets.xcassets */,
				172D455120ACC0B300645652 /* LaunchScreen.storyboard */,
				172D455420ACC0B300645652 /* Info.plist */,
				172D455A20ACD38A00645652 /* TableauController.swift */,
				172D455C20ACDC2600645652 /* Chanson.swift */,
				172D455E20ACEF5E00645652 /* ChansonCell.swift */,
			);
			path = "Lecteur  Youtube";
			sourceTree = "<group>";
		};
/* End PBXGroup section */

/* Begin PBXNativeTarget section */
		172D454420ACC0B100645652 /* Lecteur  Youtube */ = {
			isa = PBXNativeTarget;
			buildConfigurationList = 172D455720ACC0B300645652 /* Build configuration list for PBXNativeTarget "Lecteur  Youtube" */;
			buildPhases = (
				172D454120ACC0B100645652 /* Sources */,
				172D454220ACC0B100645652 /* Frameworks */,
				172D454320ACC0B100645652 /* Resources */,
			);
			buildRules = (
			);
			dependencies = (
			);
			name = "Lecteur  Youtube";
			productName = "Lecteur  Youtube";
			productReference = 172D454520ACC0B100645652 /* Lecteur  Youtube.app */;
			productType = "com.apple.product-type.application";
		};
/* End PBXNativeTarget section */

/* Begin PBXProject section */
		172D453D20ACC0B100645652 /* Project object */ = {
			isa = PBXProject;
			attributes = {
				LastSwiftUpdateCheck = 0930;
				LastUpgradeCheck = 0930;
				ORGANIZATIONNAME = "Ernest Rw";
				TargetAttributes = {
					172D454420ACC0B100645652 = {
						CreatedOnToolsVersion = 9.3.1;
					};
				};
			};
			buildConfigurationList = 172D454020ACC0B100645652 /* Build configuration list for PBXProject "Lecteur  Youtube" */;
			compatibilityVersion = "Xcode 9.3";
			developmentRegion = en;
			hasScannedForEncodings = 0;
			knownRegions = (
				en,
				Base,
			);
			mainGroup = 172D453C20ACC0B100645652;
			productRefGroup = 172D454620ACC0B100645652 /* Products */;
			projectDirPath = "";
			projectRoot = "";
			targets = (
				172D454420ACC0B100645652 /* Lecteur  Youtube */,
			);
		};
/* End PBXProject section */

/* Begin PBXResourcesBuildPhase section */
		172D454320ACC0B100645652 /* Resources */ = {
			isa = PBXResourcesBuildPhase;
			buildActionMask = 2147483647;
			files = (
				172D455320ACC0B300645652 /* LaunchScreen.storyboard in Resources */,
				172D455020ACC0B300645652 /* Assets.xcassets in Resources */,
				172D454E20ACC0B100645652 /* Main.storyboard in Resources */,
			);
			runOnlyForDeploymentPostprocessing = 0;
		};
/* End PBXResourcesBuildPhase section */

/* Begin PBXSourcesBuildPhase section */
		172D454120ACC0B100645652 /* Sources */ = {
			isa = PBXSourcesBuildPhase;
			buildActionMask = 2147483647;
			files = (
				172D455B20ACD38A00645652 /* TableauController.swift in Sources */,
				172D454920ACC0B100645652 /* AppDelegate.swift in Sources */,
				172D455F20ACEF5E00645652 /* ChansonCell.swift in Sources */,
				172D455D20ACDC2600645652 /* Chanson.swift in Sources */,
			);
			runOnlyForDeploymentPostprocessing = 0;
		};
/* End PBXSourcesBuildPhase section */

/* Begin PBXVariantGroup section */
		172D454C20ACC0B100645652 /* Main.storyboard */ = {
			isa = PBXVariantGroup;
			children = (
				172D454D20ACC0B100645652 /* Base */,
			);
			name = Main.storyboard;
			sourceTree = "<group>";
		};
		172D455120ACC0B300645652 /* LaunchScreen.storyboard */ = {
			isa = PBXVariantGroup;
			children = (
				172D455220ACC0B300645652 /* Base */,
			);
			name = LaunchScreen.storyboard;
			sourceTree = "<group>";
		};
/* End PBXVariantGroup section */

/* Begin XCBuildConfiguration section */
		172D455520ACC0B300645652 /* Debug */ = {
			isa = XCBuildConfiguration;
			buildSettings = {
				ALWAYS_SEARCH_USER_PATHS = NO;
				CLANG_ANALYZER_NONNULL = YES;
				CLANG_ANALYZER_NUMBER_OBJECT_CONVERSION = YES_AGGRESSIVE;
				CLANG_CXX_LANGUAGE_STANDARD = "gnu++14";
				CLANG_CXX_LIBRARY = "libc++";
				CLANG_ENABLE_MODULES = YES;
				CLANG_ENABLE_OBJC_ARC = YES;
				CLANG_ENABLE_OBJC_WEAK = YES;
				CLANG_WARN_BLOCK_CAPTURE_AUTORELEASING = YES;
				CLANG_WARN_BOOL_CONVERSION = YES;
				CLANG_WARN_COMMA = YES;
				CLANG_WARN_CONSTANT_CONVERSION = YES;
				CLANG_WARN_DEPRECATED_OBJC_IMPLEMENTATIONS = YES;
				CLANG_WARN_DIRECT_OBJC_ISA_USAGE = YES_ERROR;
				CLANG_WARN_DOCUMENTATION_COMMENTS = YES;
				CLANG_WARN_EMPTY_BODY = YES;
				CLANG_WARN_ENUM_CONVERSION = YES;
				CLANG_WARN_INFINITE_RECURSION = YES;
				CLANG_WARN_INT_CONVERSION = YES;
				CLANG_WARN_NON_LITERAL_NULL_CONVERSION = YES;
				CLANG_WARN_OBJC_IMPLICIT_RETAIN_SELF = YES;
				CLANG_WARN_OBJC_LITERAL_CONVERSION = YES;
				CLANG_WARN_OBJC_ROOT_CLASS = YES_ERROR;
				CLANG_WARN_RANGE_LOOP_ANALYSIS = YES;
				CLANG_WARN_STRICT_PROTOTYPES = YES;
				CLANG_WARN_SUSPICIOUS_MOVE = YES;
				CLANG_WARN_UNGUARDED_AVAILABILITY = YES_AGGRESSIVE;
				CLANG_WARN_UNREACHABLE_CODE = YES;
				CLANG_WARN__DUPLICATE_METHOD_MATCH = YES;
				CODE_SIGN_IDENTITY = "iPhone Developer";
				COPY_PHASE_STRIP = NO;
				DEBUG_INFORMATION_FORMAT = dwarf;
				ENABLE_STRICT_OBJC_MSGSEND = YES;
				ENABLE_TESTABILITY = YES;
				GCC_C_LANGUAGE_STANDARD = gnu11;
				GCC_DYNAMIC_NO_PIC = NO;
				GCC_NO_COMMON_BLOCKS = YES;
				GCC_OPTIMIZATION_LEVEL = 0;
				GCC_PREPROCESSOR_DEFINITIONS = (
					"DEBUG=1",
					"$(inherited)",
				);
				GCC_WARN_64_TO_32_BIT_CONVERSION = YES;
				GCC_WARN_ABOUT_RETURN_TYPE = YES_ERROR;
				GCC_WARN_UNDECLARED_SELECTOR = YES;
				GCC_WARN_UNINITIALIZED_AUTOS = YES_AGGRESSIVE;
				GCC_WARN_UNUSED_FUNCTION = YES;
				GCC_WARN_UNUSED_VARIABLE = YES;
				IPHONEOS_DEPLOYMENT_TARGET = 11.3;
				MTL_ENABLE_DEBUG_INFO = YES;
				ONLY_ACTIVE_ARCH = YES;
				SDKROOT = iphoneos;
				SWIFT_ACTIVE_COMPILATION_CONDITIONS = DEBUG;
				SWIFT_OPTIMIZATION_LEVEL = "-Onone";
			};
			name = Debug;
		};
		172D455620ACC0B300645652 /* Release */ = {
			isa = XCBuildConfiguration;
			buildSettings = {
				ALWAYS_SEARCH_USER_PATHS = NO;
				CLANG_ANALYZER_NONNULL = YES;
				CLANG_ANALYZER_NUMBER_OBJECT_CONVERSION = YES_AGGRESSIVE;
				CLANG_CXX_LANGUAGE_STANDARD = "gnu++14";
				CLANG_CXX_LIBRARY = "libc++";
				CLANG_ENABLE_MODULES = YES;
				CLANG_ENABLE_OBJC_ARC = YES;
				CLANG_ENABLE_OBJC_WEAK = YES;
				CLANG_WARN_BLOCK_CAPTURE_AUTORELEASING = YES;
				CLANG_WARN_BOOL_CONVERSION = YES;
				CLANG_WARN_COMMA = YES;
				CLANG_WARN_CONSTANT_CONVERSION = YES;
				CLANG_WARN_DEPRECATED_OBJC_IMPLEMENTATIONS = YES;
				CLANG_WARN_DIRECT_OBJC_ISA_USAGE = YES_ERROR;
				CLANG_WARN_DOCUMENTATION_COMMENTS = YES;
				CLANG_WARN_EMPTY_BODY = YES;
				CLANG_WARN_ENUM_CONVERSION = YES;
				CLANG_WARN_INFINITE_RECURSION = YES;
				CLANG_WARN_INT_CONVERSION = YES;
				CLANG_WARN_NON_LITERAL_NULL_CONVERSION = YES;
				CLANG_WARN_OBJC_IMPLICIT_RETAIN_SELF = YES;
				CLANG_WARN_OBJC_LITERAL_CONVERSION = YES;
				CLANG_WARN_OBJC_ROOT_CLASS = YES_ERROR;
				CLANG_WARN_RANGE_LOOP_ANALYSIS = YES;
				CLANG_WARN_STRICT_PROTOTYPES = YES;
				CLANG_WARN_SUSPICIOUS_MOVE = YES;
				CLANG_WARN_UNGUARDED_AVAILABILITY = YES_AGGRESSIVE;
				CLANG_WARN_UNREACHABLE_CODE = YES;
				CLANG_WARN__DUPLICATE_METHOD_MATCH = YES;
				CODE_SIGN_IDENTITY = "iPhone Developer";
				COPY_PHASE_STRIP = NO;
				DEBUG_INFORMATION_FORMAT = "dwarf-with-dsym";
				ENABLE_NS_ASSERTIONS = NO;
				ENABLE_STRICT_OBJC_MSGSEND = YES;
				GCC_C_LANGUAGE_STANDARD = gnu11;
				GCC_NO_COMMON_BLOCKS = YES;
				GCC_WARN_64_TO_32_BIT_CONVERSION = YES;
				GCC_WARN_ABOUT_RETURN_TYPE = YES_ERROR;
				GCC_WARN_UNDECLARED_SELECTOR = YES;
				GCC_WARN_UNINITIALIZED_AUTOS = YES_AGGRESSIVE;
				GCC_WARN_UNUSED_FUNCTION = YES;
				GCC_WARN_UNUSED_VARIABLE = YES;
				IPHONEOS_DEPLOYMENT_TARGET = 11.3;
				MTL_ENABLE_DEBUG_INFO = NO;
				SDKROOT = iphoneos;
				SWIFT_COMPILATION_MODE = wholemodule;
				SWIFT_OPTIMIZATION_LEVEL = "-O";
				VALIDATE_PRODUCT = YES;
			};
			name = Release;
		};
		172D455820ACC0B300645652 /* Debug */ = {
			isa = XCBuildConfiguration;
			buildSettings = {
				ASSETCATALOG_COMPILER_APPICON_NAME = AppIcon;
				CODE_SIGN_STYLE = Automatic;
				DEVELOPMENT_TEAM = T5Y55SRRYT;
				INFOPLIST_FILE = "Lecteur  Youtube/Info.plist";
				LD_RUNPATH_SEARCH_PATHS = (
					"$(inherited)",
					"@executable_path/Frameworks",
				);
				PRODUCT_BUNDLE_IDENTIFIER = "com.Erwaga.Lecteur--Youtube";
				PRODUCT_NAME = "$(TARGET_NAME)";
				SWIFT_VERSION = 4.0;
				TARGETED_DEVICE_FAMILY = "1,2";
			};
			name = Debug;
		};
		172D455920ACC0B300645652 /* Release */ = {
			isa = XCBuildConfiguration;
			buildSettings = {
				ASSETCATALOG_COMPILER_APPICON_NAME = AppIcon;
				CODE_SIGN_STYLE = Automatic;
				DEVELOPMENT_TEAM = T5Y55SRRYT;
				INFOPLIST_FILE = "Lecteur  Youtube/Info.plist";
				LD_RUNPATH_SEARCH_PATHS = (
					"$(inherited)",
					"@executable_path/Frameworks",
				);
				PRODUCT_BUNDLE_IDENTIFIER = "com.Erwaga.Lecteur--Youtube";
				PRODUCT_NAME = "$(TARGET_NAME)";
				SWIFT_VERSION = 4.0;
				TARGETED_DEVICE_FAMILY = "1,2";
			};
			name = Release;
		};
/* End XCBuildConfiguration section */

/* Begin XCConfigurationList section */
		172D454020ACC0B100645652 /* Build configuration list for PBXProject "Lecteur  Youtube" */ = {
			isa = XCConfigurationList;
			buildConfigurations = (
				172D455520ACC0B300645652 /* Debug */,
				172D455620ACC0B300645652 /* Release */,
			);
			defaultConfigurationIsVisible = 0;
			defaultConfigurationName = Release;
		};
		172D455720ACC0B300645652 /* Build configuration list for PBXNativeTarget "Lecteur  Youtube" */ = {
			isa = XCConfigurationList;
			buildConfigurations = (
				172D455820ACC0B300645652 /* Debug */,
				172D455920ACC0B300645652 /* Release */,
			);
			defaultConfigurationIsVisible = 0;
			defaultConfigurationName = Release;
		};
/* End XCConfigurationList section */
	};
	rootObject = 172D453D20ACC0B100645652 /* Project object */;
}
